// !$*UTF8*$!
{
	archiveVersion = 1;
	classes = {
	};
	objectVersion = 46;
	objects = {

/* Begin PBXBuildFile section */
		DE2714CD1AFB602800B3ABF7 /* blip.caf in Resources */ = {isa = PBXBuildFile; fileRef = DE2714CC1AFB5FE400B3ABF7 /* blip.caf */; };
		DE2D35421AFA0060009FD816 /* main.m in Sources */ = {isa = PBXBuildFile; fileRef = DE2D35411AFA0060009FD816 /* main.m */; };
		DE2D35451AFA0060009FD816 /* AppDelegate.m in Sources */ = {isa = PBXBuildFile; fileRef = DE2D35441AFA0060009FD816 /* AppDelegate.m */; };
		DE2D35481AFA0060009FD816 /* GameScene.m in Sources */ = {isa = PBXBuildFile; fileRef = DE2D35471AFA0060009FD816 /* GameScene.m */; };
		DE2D354D1AFA0060009FD816 /* GameViewController.m in Sources */ = {isa = PBXBuildFile; fileRef = DE2D354C1AFA0060009FD816 /* GameViewController.m */; };
		DE2D35501AFA0060009FD816 /* Main.storyboard in Resources */ = {isa = PBXBuildFile; fileRef = DE2D354E1AFA0060009FD816 /* Main.storyboard */; };
		DE2D35521AFA0060009FD816 /* Images.xcassets in Resources */ = {isa = PBXBuildFile; fileRef = DE2D35511AFA0060009FD816 /* Images.xcassets */; };
		DE2D35611AFA0060009FD816 /* HelloSpriteKitTests.m in Sources */ = {isa = PBXBuildFile; fileRef = DE2D35601AFA0060009FD816 /* HelloSpriteKitTests.m */; };
		DE2D356B1AFA01EF009FD816 /* texture.atlas in Resources */ = {isa = PBXBuildFile; fileRef = DE2D356A1AFA01EF009FD816 /* texture.atlas */; };
		DE2D356E1AFA0DAC009FD816 /* GameOverScene.m in Sources */ = {isa = PBXBuildFile; fileRef = DE2D356D1AFA0DAC009FD816 /* GameOverScene.m */; };
/* End PBXBuildFile section */

/* Begin PBXContainerItemProxy section */
		DE2D355B1AFA0060009FD816 /* PBXContainerItemProxy */ = {
			isa = PBXContainerItemProxy;
			containerPortal = DE2D35341AFA0060009FD816 /* Project object */;
			proxyType = 1;
			remoteGlobalIDString = DE2D353B1AFA0060009FD816;
			remoteInfo = HelloSpriteKit;
		};
/* End PBXContainerItemProxy section */

/* Begin PBXFileReference section */
		DE2714CC1AFB5FE400B3ABF7 /* blip.caf */ = {isa = PBXFileReference; lastKnownFileType = file; path = blip.caf; sourceTree = "<group>"; };
		DE2D353C1AFA0060009FD816 /* HelloSpriteKit.app */ = {isa = PBXFileReference; explicitFileType = wrapper.application; includeInIndex = 0; path = HelloSpriteKit.app; sourceTree = BUILT_PRODUCTS_DIR; };
		DE2D35401AFA0060009FD816 /* Info.plist */ = {isa = PBXFileReference; lastKnownFileType = text.plist.xml; path = Info.plist; sourceTree = "<group>"; };
		DE2D35411AFA0060009FD816 /* main.m */ = {isa = PBXFileReference; lastKnownFileType = sourcecode.c.objc; path = main.m; sourceTree = "<group>"; };
		DE2D35431AFA0060009FD816 /* AppDelegate.h */ = {isa = PBXFileReference; lastKnownFileType = sourcecode.c.h; path = AppDelegate.h; sourceTree = "<group>"; };
		DE2D35441AFA0060009FD816 /* AppDelegate.m */ = {isa = PBXFileReference; lastKnownFileType = sourcecode.c.objc; path = AppDelegate.m; sourceTree = "<group>"; };
		DE2D35461AFA0060009FD816 /* GameScene.h */ = {isa = PBXFileReference; lastKnownFileType = sourcecode.c.h; path = GameScene.h; sourceTree = "<group>"; };
		DE2D35471AFA0060009FD816 /* GameScene.m */ = {isa = PBXFileReference; lastKnownFileType = sourcecode.c.objc; path = GameScene.m; sourceTree = "<group>"; };
		DE2D354B1AFA0060009FD816 /* GameViewController.h */ = {isa = PBXFileReference; lastKnownFileType = sourcecode.c.h; path = GameViewController.h; sourceTree = "<group>"; };
		DE2D354C1AFA0060009FD816 /* GameViewController.m */ = {isa = PBXFileReference; lastKnownFileType = sourcecode.c.objc; path = GameViewController.m; sourceTree = "<group>"; };
		DE2D354F1AFA0060009FD816 /* Base */ = {isa = PBXFileReference; lastKnownFileType = file.storyboard; name = Base; path = Base.lproj/Main.storyboard; sourceTree = "<group>"; };
		DE2D35511AFA0060009FD816 /* Images.xcassets */ = {isa = PBXFileReference; lastKnownFileType = folder.assetcatalog; path = Images.xcassets; sourceTree = "<group>"; };
		DE2D355A1AFA0060009FD816 /* HelloSpriteKitTests.xctest */ = {isa = PBXFileReference; explicitFileType = wrapper.cfbundle; includeInIndex = 0; path = HelloSpriteKitTests.xctest; sourceTree = BUILT_PRODUCTS_DIR; };
		DE2D355F1AFA0060009FD816 /* Info.plist */ = {isa = PBXFileReference; lastKnownFileType = text.plist.xml; path = Info.plist; sourceTree = "<group>"; };
		DE2D35601AFA0060009FD816 /* HelloSpriteKitTests.m */ = {isa = PBXFileReference; lastKnownFileType = sourcecode.c.objc; path = HelloSpriteKitTests.m; sourceTree = "<group>"; };
		DE2D356A1AFA01EF009FD816 /* texture.atlas */ = {isa = PBXFileReference; lastKnownFileType = folder.skatlas; path = texture.atlas; sourceTree = "<group>"; };
		DE2D356C1AFA0DAC009FD816 /* GameOverScene.h */ = {isa = PBXFileReference; fileEncoding = 4; lastKnownFileType = sourcecode.c.h; path = GameOverScene.h; sourceTree = "<group>"; };
		DE2D356D1AFA0DAC009FD816 /* GameOverScene.m */ = {isa = PBXFileReference; fileEncoding = 4; lastKnownFileType = sourcecode.c.objc; path = GameOverScene.m; sourceTree = "<group>"; };
/* End PBXFileReference section */

/* Begin PBXFrameworksBuildPhase section */
		DE2D35391AFA0060009FD816 /* Frameworks */ = {
			isa = PBXFrameworksBuildPhase;
			buildActionMask = 2147483647;
			files = (
			);
			runOnlyForDeploymentPostprocessing = 0;
		};
		DE2D35571AFA0060009FD816 /* Frameworks */ = {
			isa = PBXFrameworksBuildPhase;
			buildActionMask = 2147483647;
			files = (
			);
			runOnlyForDeploymentPostprocessing = 0;
		};
/* End PBXFrameworksBuildPhase section */

/* Begin PBXGroup section */
		DE2D35331AFA0060009FD816 = {
			isa = PBXGroup;
			children = (
				DE2D353E1AFA0060009FD816 /* HelloSpriteKit */,
				DE2D355D1AFA0060009FD816 /* HelloSpriteKitTests */,
				DE2D353D1AFA0060009FD816 /* Products */,
			);
			sourceTree = "<group>";
		};
		DE2D353D1AFA0060009FD816 /* Products */ = {
			isa = PBXGroup;
			children = (
				DE2D353C1AFA0060009FD816 /* HelloSpriteKit.app */,
				DE2D355A1AFA0060009FD816 /* HelloSpriteKitTests.xctest */,
			);
			name = Products;
			sourceTree = "<group>";
		};
		DE2D353E1AFA0060009FD816 /* HelloSpriteKit */ = {
			isa = PBXGroup;
			children = (
				DE2714CC1AFB5FE400B3ABF7 /* blip.caf */,
				DE2D356A1AFA01EF009FD816 /* texture.atlas */,
				DE2D35431AFA0060009FD816 /* AppDelegate.h */,
				DE2D35441AFA0060009FD816 /* AppDelegate.m */,
				DE2D354E1AFA0060009FD816 /* Main.storyboard */,
				DE2D354B1AFA0060009FD816 /* GameViewController.h */,
				DE2D354C1AFA0060009FD816 /* GameViewController.m */,
				DECCD9761AFA3B54008DD836 /* Scenes */,
				DE2D35511AFA0060009FD816 /* Images.xcassets */,
				DE2D353F1AFA0060009FD816 /* Supporting Files */,
			);
			path = HelloSpriteKit;
			sourceTree = "<group>";
		};
		DE2D353F1AFA0060009FD816 /* Supporting Files */ = {
			isa = PBXGroup;
			children = (
				DE2D35401AFA0060009FD816 /* Info.plist */,
				DE2D35411AFA0060009FD816 /* main.m */,
			);
			name = "Supporting Files";
			sourceTree = "<group>";
		};
		DE2D355D1AFA0060009FD816 /* HelloSpriteKitTests */ = {
			isa = PBXGroup;
			children = (
				DE2D35601AFA0060009FD816 /* HelloSpriteKitTests.m */,
				DE2D355E1AFA0060009FD816 /* Supporting Files */,
			);
			path = HelloSpriteKitTests;
			sourceTree = "<group>";
		};
		DE2D355E1AFA0060009FD816 /* Supporting Files */ = {
			isa = PBXGroup;
			children = (
				DE2D355F1AFA0060009FD816 /* Info.plist */,
			);
			name = "Supporting Files";
			sourceTree = "<group>";
		};
		DECCD9761AFA3B54008DD836 /* Scenes */ = {
			isa = PBXGroup;
			children = (
				DE2D35461AFA0060009FD816 /* GameScene.h */,
				DE2D35471AFA0060009FD816 /* GameScene.m */,
				DE2D356C1AFA0DAC009FD816 /* GameOverScene.h */,
				DE2D356D1AFA0DAC009FD816 /* GameOverScene.m */,
			);
			name = Scenes;
			sourceTree = "<group>";
		};
/* End PBXGroup section */

/* Begin PBXNativeTarget section */
		DE2D353B1AFA0060009FD816 /* HelloSpriteKit */ = {
			isa = PBXNativeTarget;
			buildConfigurationList = DE2D35641AFA0060009FD816 /* Build configuration list for PBXNativeTarget "HelloSpriteKit" */;
			buildPhases = (
				DE2D35381AFA0060009FD816 /* Sources */,
				DE2D35391AFA0060009FD816 /* Frameworks */,
				DE2D353A1AFA0060009FD816 /* Resources */,
			);
			buildRules = (
			);
			dependencies = (
			);
			name = HelloSpriteKit;
			productName = HelloSpriteKit;
			productReference = DE2D353C1AFA0060009FD816 /* HelloSpriteKit.app */;
			productType = "com.apple.product-type.application";
		};
		DE2D35591AFA0060009FD816 /* HelloSpriteKitTests */ = {
			isa = PBXNativeTarget;
			buildConfigurationList = DE2D35671AFA0060009FD816 /* Build configuration list for PBXNativeTarget "HelloSpriteKitTests" */;
			buildPhases = (
				DE2D35561AFA0060009FD816 /* Sources */,
				DE2D35571AFA0060009FD816 /* Frameworks */,
				DE2D35581AFA0060009FD816 /* Resources */,
			);
			buildRules = (
			);
			dependencies = (
				DE2D355C1AFA0060009FD816 /* PBXTargetDependency */,
			);
			name = HelloSpriteKitTests;
			productName = HelloSpriteKitTests;
			productReference = DE2D355A1AFA0060009FD816 /* HelloSpriteKitTests.xctest */;
			productType = "com.apple.product-type.bundle.unit-test";
		};
/* End PBXNativeTarget section */

/* Begin PBXProject section */
		DE2D35341AFA0060009FD816 /* Project object */ = {
			isa = PBXProject;
			attributes = {
				LastUpgradeCheck = 0630;
				ORGANIZATIONNAME = "Björn Fröhling";
				TargetAttributes = {
					DE2D353B1AFA0060009FD816 = {
						CreatedOnToolsVersion = 6.3.1;
					};
					DE2D35591AFA0060009FD816 = {
						CreatedOnToolsVersion = 6.3.1;
						TestTargetID = DE2D353B1AFA0060009FD816;
					};
				};
			};
			buildConfigurationList = DE2D35371AFA0060009FD816 /* Build configuration list for PBXProject "HelloSpriteKit" */;
			compatibilityVersion = "Xcode 3.2";
			developmentRegion = English;
			hasScannedForEncodings = 0;
			knownRegions = (
				en,
				Base,
			);
			mainGroup = DE2D35331AFA0060009FD816;
			productRefGroup = DE2D353D1AFA0060009FD816 /* Products */;
			projectDirPath = "";
			projectRoot = "";
			targets = (
				DE2D353B1AFA0060009FD816 /* HelloSpriteKit */,
				DE2D35591AFA0060009FD816 /* HelloSpriteKitTests */,
			);
		};
/* End PBXProject section */

/* Begin PBXResourcesBuildPhase section */
		DE2D353A1AFA0060009FD816 /* Resources */ = {
			isa = PBXResourcesBuildPhase;
			buildActionMask = 2147483647;
			files = (
				DE2D356B1AFA01EF009FD816 /* texture.atlas in Resources */,
				DE2D35521AFA0060009FD816 /* Images.xcassets in Resources */,
				DE2D35501AFA0060009FD816 /* Main.storyboard in Resources */,
				DE2714CD1AFB602800B3ABF7 /* blip.caf in Resources */,
			);
			runOnlyForDeploymentPostprocessing = 0;
		};
		DE2D35581AFA0060009FD816 /* Resources */ = {
			isa = PBXResourcesBuildPhase;
			buildActionMask = 2147483647;
			files = (
			);
			runOnlyForDeploymentPostprocessing = 0;
		};
/* End PBXResourcesBuildPhase section */

/* Begin PBXSourcesBuildPhase section */
		DE2D35381AFA0060009FD816 /* Sources */ = {
			isa = PBXSourcesBuildPhase;
			buildActionMask = 2147483647;
			files = (
				DE2D356E1AFA0DAC009FD816 /* GameOverScene.m in Sources */,
				DE2D354D1AFA0060009FD816 /* GameViewController.m in Sources */,
				DE2D35451AFA0060009FD816 /* AppDelegate.m in Sources */,
				DE2D35481AFA0060009FD816 /* GameScene.m in Sources */,
				DE2D35421AFA0060009FD816 /* main.m in Sources */,
			);
			runOnlyForDeploymentPostprocessing = 0;
		};
		DE2D35561AFA0060009FD816 /* Sources */ = {
			isa = PBXSourcesBuildPhase;
			buildActionMask = 2147483647;
			files = (
				DE2D35611AFA0060009FD816 /* HelloSpriteKitTests.m in Sources */,
			);
			runOnlyForDeploymentPostprocessing = 0;
		};
/* End PBXSourcesBuildPhase section */

/* Begin PBXTargetDependency section */
		DE2D355C1AFA0060009FD816 /* PBXTargetDependency */ = {
			isa = PBXTargetDependency;
			target = DE2D353B1AFA0060009FD816 /* HelloSpriteKit */;
			targetProxy = DE2D355B1AFA0060009FD816 /* PBXContainerItemProxy */;
		};
/* End PBXTargetDependency section */

/* Begin PBXVariantGroup section */
		DE2D354E1AFA0060009FD816 /* Main.storyboard */ = {
			isa = PBXVariantGroup;
			children = (
				DE2D354F1AFA0060009FD816 /* Base */,
			);
			name = Main.storyboard;
			sourceTree = "<group>";
		};
/* End PBXVariantGroup section */

/* Begin XCBuildConfiguration section */
		DE2D35621AFA0060009FD816 /* Debug */ = {
			isa = XCBuildConfiguration;
			buildSettings = {
				ALWAYS_SEARCH_USER_PATHS = NO;
				CLANG_CXX_LANGUAGE_STANDARD = "gnu++0x";
				CLANG_CXX_LIBRARY = "libc++";
				CLANG_ENABLE_MODULES = YES;
				CLANG_ENABLE_OBJC_ARC = YES;
				CLANG_WARN_BOOL_CONVERSION = YES;
				CLANG_WARN_CONSTANT_CONVERSION = YES;
				CLANG_WARN_DIRECT_OBJC_ISA_USAGE = YES_ERROR;
				CLANG_WARN_EMPTY_BODY = YES;
				CLANG_WARN_ENUM_CONVERSION = YES;
				CLANG_WARN_INT_CONVERSION = YES;
				CLANG_WARN_OBJC_ROOT_CLASS = YES_ERROR;
				CLANG_WARN_UNREACHABLE_CODE = YES;
				CLANG_WARN__DUPLICATE_METHOD_MATCH = YES;
				"CODE_SIGN_IDENTITY[sdk=iphoneos*]" = "iPhone Developer";
				COPY_PHASE_STRIP = NO;
				DEBUG_INFORMATION_FORMAT = "dwarf-with-dsym";
				ENABLE_STRICT_OBJC_MSGSEND = YES;
				GCC_C_LANGUAGE_STANDARD = gnu99;
				GCC_DYNAMIC_NO_PIC = NO;
				GCC_NO_COMMON_BLOCKS = YES;
				GCC_OPTIMIZATION_LEVEL = 0;
				GCC_PREPROCESSOR_DEFINITIONS = (
					"DEBUG=1",
					"$(inherited)",
				);
				GCC_SYMBOLS_PRIVATE_EXTERN = NO;
				GCC_WARN_64_TO_32_BIT_CONVERSION = YES;
				GCC_WARN_ABOUT_RETURN_TYPE = YES_ERROR;
				GCC_WARN_UNDECLARED_SELECTOR = YES;
				GCC_WARN_UNINITIALIZED_AUTOS = YES_AGGRESSIVE;
				GCC_WARN_UNUSED_FUNCTION = YES;
				GCC_WARN_UNUSED_VARIABLE = YES;
				IPHONEOS_DEPLOYMENT_TARGET = 8.3;
				MTL_ENABLE_DEBUG_INFO = YES;
				ONLY_ACTIVE_ARCH = YES;
				SDKROOT = iphoneos;
			};
			name = Debug;
		};
		DE2D35631AFA0060009FD816 /* Release */ = {
			isa = XCBuildConfiguration;
			buildSettings = {
				ALWAYS_SEARCH_USER_PATHS = NO;
				CLANG_CXX_LANGUAGE_STANDARD = "gnu++0x";
				CLANG_CXX_LIBRARY = "libc++";
				CLANG_ENABLE_MODULES = YES;
				CLANG_ENABLE_OBJC_ARC = YES;
				CLANG_WARN_BOOL_CONVERSION = YES;
				CLANG_WARN_CONSTANT_CONVERSION = YES;
				CLANG_WARN_DIRECT_OBJC_ISA_USAGE = YES_ERROR;
				CLANG_WARN_EMPTY_BODY = YES;
				CLANG_WARN_ENUM_CONVERSION = YES;
				CLANG_WARN_INT_CONVERSION = YES;
				CLANG_WARN_OBJC_ROOT_CLASS = YES_ERROR;
				CLANG_WARN_UNREACHABLE_CODE = YES;
				CLANG_WARN__DUPLICATE_METHOD_MATCH = YES;
				"CODE_SIGN_IDENTITY[sdk=iphoneos*]" = "iPhone Developer";
				COPY_PHASE_STRIP = NO;
				DEBUG_INFORMATION_FORMAT = "dwarf-with-dsym";
				ENABLE_NS_ASSERTIONS = NO;
				ENABLE_STRICT_OBJC_MSGSEND = YES;
				GCC_C_LANGUAGE_STANDARD = gnu99;
				GCC_NO_COMMON_BLOCKS = YES;
				GCC_WARN_64_TO_32_BIT_CONVERSION = YES;
				GCC_WARN_ABOUT_RETURN_TYPE = YES_ERROR;
				GCC_WARN_UNDECLARED_SELECTOR = YES;
				GCC_WARN_UNINITIALIZED_AUTOS = YES_AGGRESSIVE;
				GCC_WARN_UNUSED_FUNCTION = YES;
				GCC_WARN_UNUSED_VARIABLE = YES;
				IPHONEOS_DEPLOYMENT_TARGET = 8.3;
				MTL_ENABLE_DEBUG_INFO = NO;
				SDKROOT = iphoneos;
				VALIDATE_PRODUCT = YES;
			};
			name = Release;
		};
		DE2D35651AFA0060009FD816 /* Debug */ = {
			isa = XCBuildConfiguration;
			buildSettings = {
				ASSETCATALOG_COMPILER_APPICON_NAME = AppIcon;
				INFOPLIST_FILE = HelloSpriteKit/Info.plist;
				LD_RUNPATH_SEARCH_PATHS = "$(inherited) @executable_path/Frameworks";
				PRODUCT_NAME = "$(TARGET_NAME)";
			};
			name = Debug;
		};
		DE2D35661AFA0060009FD816 /* Release */ = {
			isa = XCBuildConfiguration;
			buildSettings = {
				ASSETCATALOG_COMPILER_APPICON_NAME = AppIcon;
				INFOPLIST_FILE = HelloSpriteKit/Info.plist;
				LD_RUNPATH_SEARCH_PATHS = "$(inherited) @executable_path/Frameworks";
				PRODUCT_NAME = "$(TARGET_NAME)";
			};
			name = Release;
		};
		DE2D35681AFA0060009FD816 /* Debug */ = {
			isa = XCBuildConfiguration;
			buildSettings = {
				BUNDLE_LOADER = "$(TEST_HOST)";
				FRAMEWORK_SEARCH_PATHS = (
					"$(SDKROOT)/Developer/Library/Frameworks",
					"$(inherited)",
				);
				GCC_PREPROCESSOR_DEFINITIONS = (
					"DEBUG=1",
					"$(inherited)",
				);
				INFOPLIST_FILE = HelloSpriteKitTests/Info.plist;
				LD_RUNPATH_SEARCH_PATHS = "$(inherited) @executable_path/Frameworks @loader_path/Frameworks";
				PRODUCT_NAME = "$(TARGET_NAME)";
				TEST_HOST = "$(BUILT_PRODUCTS_DIR)/HelloSpriteKit.app/HelloSpriteKit";
			};
			name = Debug;
		};
		DE2D35691AFA0060009FD816 /* Release */ = {
			isa = XCBuildConfiguration;
			buildSettings = {
				BUNDLE_LOADER = "$(TEST_HOST)";
				FRAMEWORK_SEARCH_PATHS = (
					"$(SDKROOT)/Developer/Library/Frameworks",
					"$(inherited)",
				);
				INFOPLIST_FILE = HelloSpriteKitTests/Info.plist;
				LD_RUNPATH_SEARCH_PATHS = "$(inherited) @executable_path/Frameworks @loader_path/Frameworks";
				PRODUCT_NAME = "$(TARGET_NAME)";
				TEST_HOST = "$(BUILT_PRODUCTS_DIR)/HelloSpriteKit.app/HelloSpriteKit";
			};
			name = Release;
		};
/* End XCBuildConfiguration section */

/* Begin XCConfigurationList section */
		DE2D35371AFA0060009FD816 /* Build configuration list for PBXProject "HelloSpriteKit" */ = {
			isa = XCConfigurationList;
			buildConfigurations = (
				DE2D35621AFA0060009FD816 /* Debug */,
				DE2D35631AFA0060009FD816 /* Release */,
			);
			defaultConfigurationIsVisible = 0;
			defaultConfigurationName = Release;
		};
		DE2D35641AFA0060009FD816 /* Build configuration list for PBXNativeTarget "HelloSpriteKit" */ = {
			isa = XCConfigurationList;
			buildConfigurations = (
				DE2D35651AFA0060009FD816 /* Debug */,
				DE2D35661AFA0060009FD816 /* Release */,
			);
			defaultConfigurationIsVisible = 0;
			defaultConfigurationName = Release;
		};
		DE2D35671AFA0060009FD816 /* Build configuration list for PBXNativeTarget "HelloSpriteKitTests" */ = {
			isa = XCConfigurationList;
			buildConfigurations = (
				DE2D35681AFA0060009FD816 /* Debug */,
				DE2D35691AFA0060009FD816 /* Release */,
			);
			defaultConfigurationIsVisible = 0;
			defaultConfigurationName = Release;
		};
/* End XCConfigurationList section */
	};
	rootObject = DE2D35341AFA0060009FD816 /* Project object */;
}
